github.com/gotsunami/go-cloudinary v0.0.0-20160816090111-1216300b6d57 h1:FoFDOqEcd5Wyllq61XfuwVnltQPLoiZ/tkdeRI6AXGs=
github.com/gotsunami/go-cloudinary v0.0.0-20160816090111-1216300b6d57/go.mod h1:z4D5B+EbEgu7wwEhLOnoL5Aamtj86uzq/+28OEpST0I=
gopkg.in/mgo.v2 v2.0.0-20160818020120-3f83fa500528 h1:/saqWwm73dLmuzbNhe92F0QsZ/KiFND+esHco2v1hiY=
gopkg.in/mgo.v2 v2.0.0-20160818020120-3f83fa500528/go.mod h1:yeKp02qBN3iKW1OzL3MGk2IdtZzaj7SFntXj72NppTA=
